// !$*UTF8*$!
{
	archiveVersion = 1;
	classes = {
	};
	objectVersion = 46;
	objects = {

/* Begin PBXBuildFile section */
		08DDF22415C0CAE600D9D80E /* UIKit.framework in Frameworks */ = {isa = PBXBuildFile; fileRef = 08DDF22315C0CAE600D9D80E /* UIKit.framework */; };
		08DDF22615C0CAE600D9D80E /* Foundation.framework in Frameworks */ = {isa = PBXBuildFile; fileRef = 08DDF22515C0CAE600D9D80E /* Foundation.framework */; };
		08DDF22815C0CAE600D9D80E /* CoreGraphics.framework in Frameworks */ = {isa = PBXBuildFile; fileRef = 08DDF22715C0CAE600D9D80E /* CoreGraphics.framework */; };
		08DDF22E15C0CAE600D9D80E /* InfoPlist.strings in Resources */ = {isa = PBXBuildFile; fileRef = 08DDF22C15C0CAE600D9D80E /* InfoPlist.strings */; };
		08DDF23015C0CAE600D9D80E /* main.m in Sources */ = {isa = PBXBuildFile; fileRef = 08DDF22F15C0CAE600D9D80E /* main.m */; };
		08DDF23415C0CAE600D9D80E /* WCAppDelegate.m in Sources */ = {isa = PBXBuildFile; fileRef = 08DDF23315C0CAE600D9D80E /* WCAppDelegate.m */; };
/* End PBXBuildFile section */

/* Begin PBXFileReference section */
		08DDF21F15C0CAE600D9D80E /* WCGalleryView.app */ = {isa = PBXFileReference; explicitFileType = wrapper.application; includeInIndex = 0; path = WCGalleryView.app; sourceTree = BUILT_PRODUCTS_DIR; };
		08DDF22315C0CAE600D9D80E /* UIKit.framework */ = {isa = PBXFileReference; lastKnownFileType = wrapper.framework; name = UIKit.framework; path = System/Library/Frameworks/UIKit.framework; sourceTree = SDKROOT; };
		08DDF22515C0CAE600D9D80E /* Foundation.framework */ = {isa = PBXFileReference; lastKnownFileType = wrapper.framework; name = Foundation.framework; path = System/Library/Frameworks/Foundation.framework; sourceTree = SDKROOT; };
		08DDF22715C0CAE600D9D80E /* CoreGraphics.framework */ = {isa = PBXFileReference; lastKnownFileType = wrapper.framework; name = CoreGraphics.framework; path = System/Library/Frameworks/CoreGraphics.framework; sourceTree = SDKROOT; };
		08DDF22B15C0CAE600D9D80E /* WCGalleryView-Info.plist */ = {isa = PBXFileReference; lastKnownFileType = text.plist.xml; path = "WCGalleryView-Info.plist"; sourceTree = "<group>"; };
		08DDF22D15C0CAE600D9D80E /* en */ = {isa = PBXFileReference; lastKnownFileType = text.plist.strings; name = en; path = en.lproj/InfoPlist.strings; sourceTree = "<group>"; };
		08DDF22F15C0CAE600D9D80E /* main.m */ = {isa = PBXFileReference; lastKnownFileType = sourcecode.c.objc; path = main.m; sourceTree = "<group>"; };
		08DDF23115C0CAE600D9D80E /* WCGalleryView-Prefix.pch */ = {isa = PBXFileReference; lastKnownFileType = sourcecode.c.h; path = "WCGalleryView-Prefix.pch"; sourceTree = "<group>"; };
		08DDF23215C0CAE600D9D80E /* WCAppDelegate.h */ = {isa = PBXFileReference; lastKnownFileType = sourcecode.c.h; path = WCAppDelegate.h; sourceTree = "<group>"; };
		08DDF23315C0CAE600D9D80E /* WCAppDelegate.m */ = {isa = PBXFileReference; lastKnownFileType = sourcecode.c.objc; path = WCAppDelegate.m; sourceTree = "<group>"; };
/* End PBXFileReference section */

/* Begin PBXFrameworksBuildPhase section */
		08DDF21C15C0CAE600D9D80E /* Frameworks */ = {
			isa = PBXFrameworksBuildPhase;
			buildActionMask = 2147483647;
			files = (
				08DDF22415C0CAE600D9D80E /* UIKit.framework in Frameworks */,
				08DDF22615C0CAE600D9D80E /* Foundation.framework in Frameworks */,
				08DDF22815C0CAE600D9D80E /* CoreGraphics.framework in Frameworks */,
			);
			runOnlyForDeploymentPostprocessing = 0;
		};
/* End PBXFrameworksBuildPhase section */

/* Begin PBXGroup section */
		08DDF21415C0CAE600D9D80E = {
			isa = PBXGroup;
			children = (
				08DDF22915C0CAE600D9D80E /* WCGalleryView */,
				08DDF22215C0CAE600D9D80E /* Frameworks */,
				08DDF22015C0CAE600D9D80E /* Products */,
			);
			sourceTree = "<group>";
		};
		08DDF22015C0CAE600D9D80E /* Products */ = {
			isa = PBXGroup;
			children = (
				08DDF21F15C0CAE600D9D80E /* WCGalleryView.app */,
			);
			name = Products;
			sourceTree = "<group>";
		};
		08DDF22215C0CAE600D9D80E /* Frameworks */ = {
			isa = PBXGroup;
			children = (
				08DDF22315C0CAE600D9D80E /* UIKit.framework */,
				08DDF22515C0CAE600D9D80E /* Foundation.framework */,
				08DDF22715C0CAE600D9D80E /* CoreGraphics.framework */,
			);
			name = Frameworks;
			sourceTree = "<group>";
		};
		08DDF22915C0CAE600D9D80E /* WCGalleryView */ = {
			isa = PBXGroup;
			children = (
				08DDF23215C0CAE600D9D80E /* WCAppDelegate.h */,
				08DDF23315C0CAE600D9D80E /* WCAppDelegate.m */,
				08DDF22A15C0CAE600D9D80E /* Supporting Files */,
			);
			path = WCGalleryView;
			sourceTree = "<group>";
		};
		08DDF22A15C0CAE600D9D80E /* Supporting Files */ = {
			isa = PBXGroup;
			children = (
				08DDF22B15C0CAE600D9D80E /* WCGalleryView-Info.plist */,
				08DDF22C15C0CAE600D9D80E /* InfoPlist.strings */,
				08DDF22F15C0CAE600D9D80E /* main.m */,
				08DDF23115C0CAE600D9D80E /* WCGalleryView-Prefix.pch */,
			);
			name = "Supporting Files";
			sourceTree = "<group>";
		};
/* End PBXGroup section */

/* Begin PBXNativeTarget section */
		08DDF21E15C0CAE600D9D80E /* WCGalleryView */ = {
			isa = PBXNativeTarget;
			buildConfigurationList = 08DDF23715C0CAE600D9D80E /* Build configuration list for PBXNativeTarget "WCGalleryView" */;
			buildPhases = (
				08DDF21B15C0CAE600D9D80E /* Sources */,
				08DDF21C15C0CAE600D9D80E /* Frameworks */,
				08DDF21D15C0CAE600D9D80E /* Resources */,
			);
			buildRules = (
			);
			dependencies = (
			);
			name = WCGalleryView;
			productName = WCGalleryView;
			productReference = 08DDF21F15C0CAE600D9D80E /* WCGalleryView.app */;
			productType = "com.apple.product-type.application";
		};
/* End PBXNativeTarget section */

/* Begin PBXProject section */
		08DDF21615C0CAE600D9D80E /* Project object */ = {
			isa = PBXProject;
			attributes = {
				CLASSPREFIX = WC;
				LastUpgradeCheck = 0440;
				ORGANIZATIONNAME = "Wess Cope";
			};
			buildConfigurationList = 08DDF21915C0CAE600D9D80E /* Build configuration list for PBXProject "WCGalleryView" */;
			compatibilityVersion = "Xcode 3.2";
			developmentRegion = English;
			hasScannedForEncodings = 0;
			knownRegions = (
				en,
			);
			mainGroup = 08DDF21415C0CAE600D9D80E;
			productRefGroup = 08DDF22015C0CAE600D9D80E /* Products */;
			projectDirPath = "";
			projectRoot = "";
			targets = (
				08DDF21E15C0CAE600D9D80E /* WCGalleryView */,
			);
		};
/* End PBXProject section */

/* Begin PBXResourcesBuildPhase section */
		08DDF21D15C0CAE600D9D80E /* Resources */ = {
			isa = PBXResourcesBuildPhase;
			buildActionMask = 2147483647;
			files = (
				08DDF22E15C0CAE600D9D80E /* InfoPlist.strings in Resources */,
			);
			runOnlyForDeploymentPostprocessing = 0;
		};
/* End PBXResourcesBuildPhase section */

/* Begin PBXSourcesBuildPhase section */
		08DDF21B15C0CAE600D9D80E /* Sources */ = {
			isa = PBXSourcesBuildPhase;
			buildActionMask = 2147483647;
			files = (
				08DDF23015C0CAE600D9D80E /* main.m in Sources */,
				08DDF23415C0CAE600D9D80E /* WCAppDelegate.m in Sources */,
			);
			runOnlyForDeploymentPostprocessing = 0;
		};
/* End PBXSourcesBuildPhase section */

/* Begin PBXVariantGroup section */
		08DDF22C15C0CAE600D9D80E /* InfoPlist.strings */ = {
			isa = PBXVariantGroup;
			children = (
				08DDF22D15C0CAE600D9D80E /* en */,
			);
			name = InfoPlist.strings;
			sourceTree = "<group>";
		};
/* End PBXVariantGroup section */

/* Begin XCBuildConfiguration section */
		08DDF23515C0CAE600D9D80E /* Debug */ = {
			isa = XCBuildConfiguration;
			buildSettings = {
				ALWAYS_SEARCH_USER_PATHS = NO;
				ARCHS = "$(ARCHS_STANDARD_32_BIT)";
				CLANG_CXX_LANGUAGE_STANDARD = "gnu++0x";
				CLANG_ENABLE_OBJC_ARC = YES;
				CLANG_WARN__DUPLICATE_METHOD_MATCH = YES;
				"CODE_SIGN_IDENTITY[sdk=iphoneos*]" = "iPhone Developer";
				COPY_PHASE_STRIP = NO;
				GCC_C_LANGUAGE_STANDARD = gnu99;
				GCC_DYNAMIC_NO_PIC = NO;
				GCC_OPTIMIZATION_LEVEL = 0;
				GCC_PREPROCESSOR_DEFINITIONS = (
					"DEBUG=1",
					"$(inherited)",
				);
				GCC_SYMBOLS_PRIVATE_EXTERN = NO;
				GCC_VERSION = com.apple.compilers.llvm.clang.1_0;
				GCC_WARN_ABOUT_RETURN_TYPE = YES;
				GCC_WARN_UNINITIALIZED_AUTOS = YES;
				GCC_WARN_UNUSED_VARIABLE = YES;
				IPHONEOS_DEPLOYMENT_TARGET = 5.1;
				SDKROOT = iphoneos;
			};
			name = Debug;
		};
		08DDF23615C0CAE600D9D80E /* Release */ = {
			isa = XCBuildConfiguration;
			buildSettings = {
				ALWAYS_SEARCH_USER_PATHS = NO;
				ARCHS = "$(ARCHS_STANDARD_32_BIT)";
				CLANG_CXX_LANGUAGE_STANDARD = "gnu++0x";
				CLANG_ENABLE_OBJC_ARC = YES;
				CLANG_WARN__DUPLICATE_METHOD_MATCH = YES;
				"CODE_SIGN_IDENTITY[sdk=iphoneos*]" = "iPhone Developer";
				COPY_PHASE_STRIP = YES;
				GCC_C_LANGUAGE_STANDARD = gnu99;
				GCC_VERSION = com.apple.compilers.llvm.clang.1_0;
				GCC_WARN_ABOUT_RETURN_TYPE = YES;
				GCC_WARN_UNINITIALIZED_AUTOS = YES;
				GCC_WARN_UNUSED_VARIABLE = YES;
				IPHONEOS_DEPLOYMENT_TARGET = 5.1;
				OTHER_CFLAGS = "-DNS_BLOCK_ASSERTIONS=1";
				SDKROOT = iphoneos;
				VALIDATE_PRODUCT = YES;
			};
			name = Release;
		};
		08DDF23815C0CAE600D9D80E /* Debug */ = {
			isa = XCBuildConfiguration;
			buildSettings = {
				GCC_PRECOMPILE_PREFIX_HEADER = YES;
				GCC_PREFIX_HEADER = "WCGalleryView/WCGalleryView-Prefix.pch";
				INFOPLIST_FILE = "WCGalleryView/WCGalleryView-Info.plist";
				PRODUCT_NAME = "$(TARGET_NAME)";
				WRAPPER_EXTENSION = app;
			};
			name = Debug;
		};
		08DDF23915C0CAE600D9D80E /* Release */ = {
			isa = XCBuildConfiguration;
			buildSettings = {
				GCC_PRECOMPILE_PREFIX_HEADER = YES;
				GCC_PREFIX_HEADER = "WCGalleryView/WCGalleryView-Prefix.pch";
				INFOPLIST_FILE = "WCGalleryView/WCGalleryView-Info.plist";
				PRODUCT_NAME = "$(TARGET_NAME)";
				WRAPPER_EXTENSION = app;
			};
			name = Release;
		};
/* End XCBuildConfiguration section */

/* Begin XCConfigurationList section */
		08DDF21915C0CAE600D9D80E /* Build configuration list for PBXProject "WCGalleryView" */ = {
			isa = XCConfigurationList;
			buildConfigurations = (
				08DDF23515C0CAE600D9D80E /* Debug */,
				08DDF23615C0CAE600D9D80E /* Release */,
			);
			defaultConfigurationIsVisible = 0;
			defaultConfigurationName = Release;
		};
		08DDF23715C0CAE600D9D80E /* Build configuration list for PBXNativeTarget "WCGalleryView" */ = {
			isa = XCConfigurationList;
			buildConfigurations = (
				08DDF23815C0CAE600D9D80E /* Debug */,
				08DDF23915C0CAE600D9D80E /* Release */,
			);
			defaultConfigurationIsVisible = 0;
		};
/* End XCConfigurationList section */
	};
	rootObject = 08DDF21615C0CAE600D9D80E /* Project object */;
}
